
Microsoft Visual Studio Solution File, Format Version 12.00
# Visual Studio Version 17
VisualStudioVersion = 17.8.34525.116
MinimumVisualStudioVersion = 10.0.40219.1
Project("{9A19103F-16F7-4668-BE54-9A1E7A4F7556}") = "AssembyBrowser", "AssembyBrowser\AssembyBrowser.csproj", "{F9E2ABD4-22CD-4732-974C-F52433723307}"
EndProject
Project("{9A19103F-16F7-4668-BE54-9A1E7A4F7556}") = "AssemblyBrowserLib", "AssemblyBrowserLib\AssemblyBrowserLib.csproj", "{69A5ADD1-17A1-4AF4-AD21-B3D39CFE70AF}"
EndProject
Project("{FAE04EC0-301F-11D3-BF4B-00C04F79EFBC}") = "AssemblyBrowserTests", "AssemblyBrowserTests\AssemblyBrowserTests.csproj", "{1DCD519A-9C52-4959-AEBC-00D0CFC0C2BC}"
EndProject
Global
	GlobalSection(SolutionConfigurationPlatforms) = preSolution
		Debug|Any CPU = Debug|Any CPU
		Release|Any CPU = Release|Any CPU
	EndGlobalSection
	GlobalSection(ProjectConfigurationPlatforms) = postSolution
		{F9E2ABD4-22CD-4732-974C-F52433723307}.Debug|Any CPU.ActiveCfg = Debug|Any CPU
		{F9E2ABD4-22CD-4732-974C-F52433723307}.Debug|Any CPU.Build.0 = Debug|Any CPU
		{F9E2ABD4-22CD-4732-974C-F52433723307}.Release|Any CPU.ActiveCfg = Release|Any CPU
		{F9E2ABD4-22CD-4732-974C-F52433723307}.Release|Any CPU.Build.0 = Release|Any CPU
		{69A5ADD1-17A1-4AF4-AD21-B3D39CFE70AF}.Debug|Any CPU.ActiveCfg = Debug|Any CPU
		{69A5ADD1-17A1-4AF4-AD21-B3D39CFE70AF}.Debug|Any CPU.Build.0 = Debug|Any CPU
		{69A5ADD1-17A1-4AF4-AD21-B3D39CFE70AF}.Release|Any CPU.ActiveCfg = Release|Any CPU
		{69A5ADD1-17A1-4AF4-AD21-B3D39CFE70AF}.Release|Any CPU.Build.0 = Release|Any CPU
		{1DCD519A-9C52-4959-AEBC-00D0CFC0C2BC}.Debug|Any CPU.ActiveCfg = Debug|Any CPU
		{1DCD519A-9C52-4959-AEBC-00D0CFC0C2BC}.Debug|Any CPU.Build.0 = Debug|Any CPU
		{1DCD519A-9C52-4959-AEBC-00D0CFC0C2BC}.Release|Any CPU.ActiveCfg = Release|Any CPU
		{1DCD519A-9C52-4959-AEBC-00D0CFC0C2BC}.Release|Any CPU.Build.0 = Release|Any CPU
	EndGlobalSection
	GlobalSection(SolutionProperties) = preSolution
		HideSolutionNode = FALSE
	EndGlobalSection
	GlobalSection(ExtensibilityGlobals) = postSolution
		SolutionGuid = {A1770C4A-0763-442C-8976-2A2B0AA26FE6}
	EndGlobalSection
EndGlobal
